
Microsoft Visual Studio Solution File, Format Version 12.00
# Visual Studio Version 17
VisualStudioVersion = 17.4.33213.308
MinimumVisualStudioVersion = 10.0.40219.1
Project("{FAE04EC0-301F-11D3-BF4B-00C04F79EFBC}") = "CharacterRPG", "CharacterRPG.csproj", "{A251F049-69C9-4F26-8DAB-4C4EE2C7A7C0}"
EndProject
Global
	GlobalSection(SolutionConfigurationPlatforms) = preSolution
		Debug|Any CPU = Debug|Any CPU
		Release|Any CPU = Release|Any CPU
	EndGlobalSection
	GlobalSection(ProjectConfigurationPlatforms) = postSolution
		{A251F049-69C9-4F26-8DAB-4C4EE2C7A7C0}.Debug|Any CPU.ActiveCfg = Debug|Any CPU
		{A251F049-69C9-4F26-8DAB-4C4EE2C7A7C0}.Debug|Any CPU.Build.0 = Debug|Any CPU
		{A251F049-69C9-4F26-8DAB-4C4EE2C7A7C0}.Release|Any CPU.ActiveCfg = Release|Any CPU
		{A251F049-69C9-4F26-8DAB-4C4EE2C7A7C0}.Release|Any CPU.Build.0 = Release|Any CPU
	EndGlobalSection
	GlobalSection(SolutionProperties) = preSolution
		HideSolutionNode = FALSE
	EndGlobalSection
	GlobalSection(ExtensibilityGlobals) = postSolution
		SolutionGuid = {D755A4B3-8FE6-4F52-8F1F-7D05E769947C}
	EndGlobalSection
EndGlobal
